
Microsoft Visual Studio Solution File, Format Version 12.00
# Visual Studio Version 17
VisualStudioVersion = 17.7.34221.43
MinimumVisualStudioVersion = 10.0.40219.1
Project("{FAE04EC0-301F-11D3-BF4B-00C04F79EFBC}") = "reviewPlataformConsole", "reviewPlataformConsole.csproj", "{A05EF9BB-F3F7-4075-9D2E-926111020F21}"
EndProject
Global
	GlobalSection(SolutionConfigurationPlatforms) = preSolution
		Debug|Any CPU = Debug|Any CPU
		Release|Any CPU = Release|Any CPU
	EndGlobalSection
	GlobalSection(ProjectConfigurationPlatforms) = postSolution
		{A05EF9BB-F3F7-4075-9D2E-926111020F21}.Debug|Any CPU.ActiveCfg = Debug|Any CPU
		{A05EF9BB-F3F7-4075-9D2E-926111020F21}.Debug|Any CPU.Build.0 = Debug|Any CPU
		{A05EF9BB-F3F7-4075-9D2E-926111020F21}.Release|Any CPU.ActiveCfg = Release|Any CPU
		{A05EF9BB-F3F7-4075-9D2E-926111020F21}.Release|Any CPU.Build.0 = Release|Any CPU
	EndGlobalSection
	GlobalSection(SolutionProperties) = preSolution
		HideSolutionNode = FALSE
	EndGlobalSection
	GlobalSection(ExtensibilityGlobals) = postSolution
		SolutionGuid = {197E2076-FC81-4ABA-B839-19F96A701D0F}
	EndGlobalSection
EndGlobal
